{
  "requires": true,
  "lockfileVersion": 1,
  "dependencies": {
    "binary-search-tree-js": {
      "version": "0.0.1",
      "resolved": "https://registry.npmjs.org/binary-search-tree-js/-/binary-search-tree-js-0.0.1.tgz",
      "integrity": "sha1-VAJjWGbUo74ZKCL1ZOl05aOiGow="
    },
    "tree-node-js": {
      "version": "0.0.1",
      "resolved": "https://registry.npmjs.org/tree-node-js/-/tree-node-js-0.0.1.tgz",
      "integrity": "sha1-hufh7lCIYOzBOOM0tBd0LU710Cw="
    }
  }
}
